
Microsoft Visual Studio Solution File, Format Version 12.00
# Visual Studio Version 17
VisualStudioVersion = 17.8.34525.116
MinimumVisualStudioVersion = 10.0.40219.1
Project("{FAE04EC0-301F-11D3-BF4B-00C04F79EFBC}") = "Online Survey", "Online Survey\Online Survey.csproj", "{046AE85E-6443-4523-897C-176A97D2AB00}"
EndProject
Global
	GlobalSection(SolutionConfigurationPlatforms) = preSolution
		Debug|Any CPU = Debug|Any CPU
		Release|Any CPU = Release|Any CPU
	EndGlobalSection
	GlobalSection(ProjectConfigurationPlatforms) = postSolution
		{046AE85E-6443-4523-897C-176A97D2AB00}.Debug|Any CPU.ActiveCfg = Debug|Any CPU
		{046AE85E-6443-4523-897C-176A97D2AB00}.Debug|Any CPU.Build.0 = Debug|Any CPU
		{046AE85E-6443-4523-897C-176A97D2AB00}.Release|Any CPU.ActiveCfg = Release|Any CPU
		{046AE85E-6443-4523-897C-176A97D2AB00}.Release|Any CPU.Build.0 = Release|Any CPU
	EndGlobalSection
	GlobalSection(SolutionProperties) = preSolution
		HideSolutionNode = FALSE
	EndGlobalSection
	GlobalSection(ExtensibilityGlobals) = postSolution
		SolutionGuid = {4C9FB4F2-45A9-4032-9125-C5EF69326506}
	EndGlobalSection
EndGlobal
